// !$*UTF8*$!
{
	archiveVersion = 1;
	classes = {
	};
	objectVersion = 56;
	objects = {

/* Begin PBXBuildFile section */
		575D5A3A2A2A4CEB00A9BC22 /* MyColors.swift in Sources */ = {isa = PBXBuildFile; fileRef = 575D5A392A2A4CEB00A9BC22 /* MyColors.swift */; };
		5794BB9E2A1FE7A900037CE6 /* MySudokuApp.swift in Sources */ = {isa = PBXBuildFile; fileRef = 5794BB9D2A1FE7A900037CE6 /* MySudokuApp.swift */; };
		5794BBA02A1FE7A900037CE6 /* ContentView.swift in Sources */ = {isa = PBXBuildFile; fileRef = 5794BB9F2A1FE7A900037CE6 /* ContentView.swift */; };
		5794BBA22A1FE7AA00037CE6 /* Assets.xcassets in Resources */ = {isa = PBXBuildFile; fileRef = 5794BBA12A1FE7AA00037CE6 /* Assets.xcassets */; };
		5794BBA52A1FE7AA00037CE6 /* Preview Assets.xcassets in Resources */ = {isa = PBXBuildFile; fileRef = 5794BBA42A1FE7AA00037CE6 /* Preview Assets.xcassets */; };
		5794BBAC2A2006CD00037CE6 /* BoardData.data in Resources */ = {isa = PBXBuildFile; fileRef = 5794BBAB2A2006CD00037CE6 /* BoardData.data */; };
		5794BBAE2A20086600037CE6 /* Board.swift in Sources */ = {isa = PBXBuildFile; fileRef = 5794BBAD2A20086600037CE6 /* Board.swift */; };
		5794BBB02A20191500037CE6 /* ModelData.swift in Sources */ = {isa = PBXBuildFile; fileRef = 5794BBAF2A20191500037CE6 /* ModelData.swift */; };
		5794BBBD2A2684AC00037CE6 /* BoardTests.swift in Sources */ = {isa = PBXBuildFile; fileRef = 5794BBBC2A2684AC00037CE6 /* BoardTests.swift */; };
		5794BBC42A26A3CF00037CE6 /* PuzzleView.swift in Sources */ = {isa = PBXBuildFile; fileRef = 5794BBC32A26A3CF00037CE6 /* PuzzleView.swift */; };
/* End PBXBuildFile section */

/* Begin PBXContainerItemProxy section */
		5794BBBE2A2684AC00037CE6 /* PBXContainerItemProxy */ = {
			isa = PBXContainerItemProxy;
			containerPortal = 5794BB922A1FE7A900037CE6 /* Project object */;
			proxyType = 1;
			remoteGlobalIDString = 5794BB992A1FE7A900037CE6;
			remoteInfo = MySudoku;
		};
/* End PBXContainerItemProxy section */

/* Begin PBXFileReference section */
		575D5A392A2A4CEB00A9BC22 /* MyColors.swift */ = {isa = PBXFileReference; lastKnownFileType = sourcecode.swift; path = MyColors.swift; sourceTree = "<group>"; };
		5794BB9A2A1FE7A900037CE6 /* MySudoku.app */ = {isa = PBXFileReference; explicitFileType = wrapper.application; includeInIndex = 0; path = MySudoku.app; sourceTree = BUILT_PRODUCTS_DIR; };
		5794BB9D2A1FE7A900037CE6 /* MySudokuApp.swift */ = {isa = PBXFileReference; lastKnownFileType = sourcecode.swift; path = MySudokuApp.swift; sourceTree = "<group>"; };
		5794BB9F2A1FE7A900037CE6 /* ContentView.swift */ = {isa = PBXFileReference; lastKnownFileType = sourcecode.swift; path = ContentView.swift; sourceTree = "<group>"; };
		5794BBA12A1FE7AA00037CE6 /* Assets.xcassets */ = {isa = PBXFileReference; lastKnownFileType = folder.assetcatalog; path = Assets.xcassets; sourceTree = "<group>"; };
		5794BBA42A1FE7AA00037CE6 /* Preview Assets.xcassets */ = {isa = PBXFileReference; lastKnownFileType = folder.assetcatalog; path = "Preview Assets.xcassets"; sourceTree = "<group>"; };
		5794BBAB2A2006CD00037CE6 /* BoardData.data */ = {isa = PBXFileReference; lastKnownFileType = text; path = BoardData.data; sourceTree = "<group>"; xcLanguageSpecificationIdentifier = xcode.lang.json; };
		5794BBAD2A20086600037CE6 /* Board.swift */ = {isa = PBXFileReference; lastKnownFileType = sourcecode.swift; path = Board.swift; sourceTree = "<group>"; };
		5794BBAF2A20191500037CE6 /* ModelData.swift */ = {isa = PBXFileReference; lastKnownFileType = sourcecode.swift; path = ModelData.swift; sourceTree = "<group>"; };
		5794BBBA2A2684AC00037CE6 /* MySudokuTests.xctest */ = {isa = PBXFileReference; explicitFileType = wrapper.cfbundle; includeInIndex = 0; path = MySudokuTests.xctest; sourceTree = BUILT_PRODUCTS_DIR; };
		5794BBBC2A2684AC00037CE6 /* BoardTests.swift */ = {isa = PBXFileReference; lastKnownFileType = sourcecode.swift; path = BoardTests.swift; sourceTree = "<group>"; };
		5794BBC32A26A3CF00037CE6 /* PuzzleView.swift */ = {isa = PBXFileReference; lastKnownFileType = sourcecode.swift; path = PuzzleView.swift; sourceTree = "<group>"; };
/* End PBXFileReference section */

/* Begin PBXFrameworksBuildPhase section */
		5794BB972A1FE7A900037CE6 /* Frameworks */ = {
			isa = PBXFrameworksBuildPhase;
			buildActionMask = 2147483647;
			files = (
			);
			runOnlyForDeploymentPostprocessing = 0;
		};
		5794BBB72A2684AC00037CE6 /* Frameworks */ = {
			isa = PBXFrameworksBuildPhase;
			buildActionMask = 2147483647;
			files = (
			);
			runOnlyForDeploymentPostprocessing = 0;
		};
/* End PBXFrameworksBuildPhase section */

/* Begin PBXGroup section */
		575D5A3B2A2A4E3500A9BC22 /* Views */ = {
			isa = PBXGroup;
			children = (
				5794BB9F2A1FE7A900037CE6 /* ContentView.swift */,
				5794BBC32A26A3CF00037CE6 /* PuzzleView.swift */,
			);
			path = Views;
			sourceTree = "<group>";
		};
		575D5A3C2A2A903900A9BC22 /* Models */ = {
			isa = PBXGroup;
			children = (
				5794BBAF2A20191500037CE6 /* ModelData.swift */,
				5794BBAD2A20086600037CE6 /* Board.swift */,
			);
			path = Models;
			sourceTree = "<group>";
		};
		5794BB912A1FE7A900037CE6 = {
			isa = PBXGroup;
			children = (
				5794BB9C2A1FE7A900037CE6 /* MySudoku */,
				5794BBBB2A2684AC00037CE6 /* MySudokuTests */,
				5794BB9B2A1FE7A900037CE6 /* Products */,
			);
			sourceTree = "<group>";
		};
		5794BB9B2A1FE7A900037CE6 /* Products */ = {
			isa = PBXGroup;
			children = (
				5794BB9A2A1FE7A900037CE6 /* MySudoku.app */,
				5794BBBA2A2684AC00037CE6 /* MySudokuTests.xctest */,
			);
			name = Products;
			sourceTree = "<group>";
		};
		5794BB9C2A1FE7A900037CE6 /* MySudoku */ = {
			isa = PBXGroup;
			children = (
				5794BB9D2A1FE7A900037CE6 /* MySudokuApp.swift */,
				5794BBA12A1FE7AA00037CE6 /* Assets.xcassets */,
				575D5A392A2A4CEB00A9BC22 /* MyColors.swift */,
				575D5A3C2A2A903900A9BC22 /* Models */,
				575D5A3B2A2A4E3500A9BC22 /* Views */,
				5794BBAB2A2006CD00037CE6 /* BoardData.data */,
				5794BBA32A1FE7AA00037CE6 /* Preview Content */,
			);
			path = MySudoku;
			sourceTree = "<group>";
		};
		5794BBA32A1FE7AA00037CE6 /* Preview Content */ = {
			isa = PBXGroup;
			children = (
				5794BBA42A1FE7AA00037CE6 /* Preview Assets.xcassets */,
			);
			path = "Preview Content";
			sourceTree = "<group>";
		};
		5794BBBB2A2684AC00037CE6 /* MySudokuTests */ = {
			isa = PBXGroup;
			children = (
				5794BBBC2A2684AC00037CE6 /* BoardTests.swift */,
			);
			path = MySudokuTests;
			sourceTree = "<group>";
		};
/* End PBXGroup section */

/* Begin PBXNativeTarget section */
		5794BB992A1FE7A900037CE6 /* MySudoku */ = {
			isa = PBXNativeTarget;
			buildConfigurationList = 5794BBA82A1FE7AA00037CE6 /* Build configuration list for PBXNativeTarget "MySudoku" */;
			buildPhases = (
				5794BB962A1FE7A900037CE6 /* Sources */,
				5794BB972A1FE7A900037CE6 /* Frameworks */,
				5794BB982A1FE7A900037CE6 /* Resources */,
			);
			buildRules = (
			);
			dependencies = (
			);
			name = MySudoku;
			productName = MySudoku;
			productReference = 5794BB9A2A1FE7A900037CE6 /* MySudoku.app */;
			productType = "com.apple.product-type.application";
		};
		5794BBB92A2684AC00037CE6 /* MySudokuTests */ = {
			isa = PBXNativeTarget;
			buildConfigurationList = 5794BBC02A2684AC00037CE6 /* Build configuration list for PBXNativeTarget "MySudokuTests" */;
			buildPhases = (
				5794BBB62A2684AC00037CE6 /* Sources */,
				5794BBB72A2684AC00037CE6 /* Frameworks */,
				5794BBB82A2684AC00037CE6 /* Resources */,
			);
			buildRules = (
			);
			dependencies = (
				5794BBBF2A2684AC00037CE6 /* PBXTargetDependency */,
			);
			name = MySudokuTests;
			productName = MySudokuTests;
			productReference = 5794BBBA2A2684AC00037CE6 /* MySudokuTests.xctest */;
			productType = "com.apple.product-type.bundle.unit-test";
		};
/* End PBXNativeTarget section */

/* Begin PBXProject section */
		5794BB922A1FE7A900037CE6 /* Project object */ = {
			isa = PBXProject;
			attributes = {
				BuildIndependentTargetsInParallel = 1;
				LastSwiftUpdateCheck = 1430;
				LastUpgradeCheck = 1430;
				TargetAttributes = {
					5794BB992A1FE7A900037CE6 = {
						CreatedOnToolsVersion = 14.3;
					};
					5794BBB92A2684AC00037CE6 = {
						CreatedOnToolsVersion = 14.3;
						TestTargetID = 5794BB992A1FE7A900037CE6;
					};
				};
			};
			buildConfigurationList = 5794BB952A1FE7A900037CE6 /* Build configuration list for PBXProject "MySudoku" */;
			compatibilityVersion = "Xcode 14.0";
			developmentRegion = en;
			hasScannedForEncodings = 0;
			knownRegions = (
				en,
				Base,
			);
			mainGroup = 5794BB912A1FE7A900037CE6;
			productRefGroup = 5794BB9B2A1FE7A900037CE6 /* Products */;
			projectDirPath = "";
			projectRoot = "";
			targets = (
				5794BB992A1FE7A900037CE6 /* MySudoku */,
				5794BBB92A2684AC00037CE6 /* MySudokuTests */,
			);
		};
/* End PBXProject section */

/* Begin PBXResourcesBuildPhase section */
		5794BB982A1FE7A900037CE6 /* Resources */ = {
			isa = PBXResourcesBuildPhase;
			buildActionMask = 2147483647;
			files = (
				5794BBA52A1FE7AA00037CE6 /* Preview Assets.xcassets in Resources */,
				5794BBAC2A2006CD00037CE6 /* BoardData.data in Resources */,
				5794BBA22A1FE7AA00037CE6 /* Assets.xcassets in Resources */,
			);
			runOnlyForDeploymentPostprocessing = 0;
		};
		5794BBB82A2684AC00037CE6 /* Resources */ = {
			isa = PBXResourcesBuildPhase;
			buildActionMask = 2147483647;
			files = (
			);
			runOnlyForDeploymentPostprocessing = 0;
		};
/* End PBXResourcesBuildPhase section */

/* Begin PBXSourcesBuildPhase section */
		5794BB962A1FE7A900037CE6 /* Sources */ = {
			isa = PBXSourcesBuildPhase;
			buildActionMask = 2147483647;
			files = (
				5794BBC42A26A3CF00037CE6 /* PuzzleView.swift in Sources */,
				575D5A3A2A2A4CEB00A9BC22 /* MyColors.swift in Sources */,
				5794BBA02A1FE7A900037CE6 /* ContentView.swift in Sources */,
				5794BBB02A20191500037CE6 /* ModelData.swift in Sources */,
				5794BB9E2A1FE7A900037CE6 /* MySudokuApp.swift in Sources */,
				5794BBAE2A20086600037CE6 /* Board.swift in Sources */,
			);
			runOnlyForDeploymentPostprocessing = 0;
		};
		5794BBB62A2684AC00037CE6 /* Sources */ = {
			isa = PBXSourcesBuildPhase;
			buildActionMask = 2147483647;
			files = (
				5794BBBD2A2684AC00037CE6 /* BoardTests.swift in Sources */,
			);
			runOnlyForDeploymentPostprocessing = 0;
		};
/* End PBXSourcesBuildPhase section */

/* Begin PBXTargetDependency section */
		5794BBBF2A2684AC00037CE6 /* PBXTargetDependency */ = {
			isa = PBXTargetDependency;
			target = 5794BB992A1FE7A900037CE6 /* MySudoku */;
			targetProxy = 5794BBBE2A2684AC00037CE6 /* PBXContainerItemProxy */;
		};
/* End PBXTargetDependency section */

/* Begin XCBuildConfiguration section */
		5794BBA62A1FE7AA00037CE6 /* Debug */ = {
			isa = XCBuildConfiguration;
			buildSettings = {
				ALWAYS_SEARCH_USER_PATHS = NO;
				CLANG_ANALYZER_NONNULL = YES;
				CLANG_ANALYZER_NUMBER_OBJECT_CONVERSION = YES_AGGRESSIVE;
				CLANG_CXX_LANGUAGE_STANDARD = "gnu++20";
				CLANG_ENABLE_MODULES = YES;
				CLANG_ENABLE_OBJC_ARC = YES;
				CLANG_ENABLE_OBJC_WEAK = YES;
				CLANG_WARN_BLOCK_CAPTURE_AUTORELEASING = YES;
				CLANG_WARN_BOOL_CONVERSION = YES;
				CLANG_WARN_COMMA = YES;
				CLANG_WARN_CONSTANT_CONVERSION = YES;
				CLANG_WARN_DEPRECATED_OBJC_IMPLEMENTATIONS = YES;
				CLANG_WARN_DIRECT_OBJC_ISA_USAGE = YES_ERROR;
				CLANG_WARN_DOCUMENTATION_COMMENTS = YES;
				CLANG_WARN_EMPTY_BODY = YES;
				CLANG_WARN_ENUM_CONVERSION = YES;
				CLANG_WARN_INFINITE_RECURSION = YES;
				CLANG_WARN_INT_CONVERSION = YES;
				CLANG_WARN_NON_LITERAL_NULL_CONVERSION = YES;
				CLANG_WARN_OBJC_IMPLICIT_RETAIN_SELF = YES;
				CLANG_WARN_OBJC_LITERAL_CONVERSION = YES;
				CLANG_WARN_OBJC_ROOT_CLASS = YES_ERROR;
				CLANG_WARN_QUOTED_INCLUDE_IN_FRAMEWORK_HEADER = YES;
				CLANG_WARN_RANGE_LOOP_ANALYSIS = YES;
				CLANG_WARN_STRICT_PROTOTYPES = YES;
				CLANG_WARN_SUSPICIOUS_MOVE = YES;
				CLANG_WARN_UNGUARDED_AVAILABILITY = YES_AGGRESSIVE;
				CLANG_WARN_UNREACHABLE_CODE = YES;
				CLANG_WARN__DUPLICATE_METHOD_MATCH = YES;
				COPY_PHASE_STRIP = NO;
				DEBUG_INFORMATION_FORMAT = dwarf;
				ENABLE_STRICT_OBJC_MSGSEND = YES;
				ENABLE_TESTABILITY = YES;
				GCC_C_LANGUAGE_STANDARD = gnu11;
				GCC_DYNAMIC_NO_PIC = NO;
				GCC_NO_COMMON_BLOCKS = YES;
				GCC_OPTIMIZATION_LEVEL = 0;
				GCC_PREPROCESSOR_DEFINITIONS = (
					"DEBUG=1",
					"$(inherited)",
				);
				GCC_WARN_64_TO_32_BIT_CONVERSION = YES;
				GCC_WARN_ABOUT_RETURN_TYPE = YES_ERROR;
				GCC_WARN_UNDECLARED_SELECTOR = YES;
				GCC_WARN_UNINITIALIZED_AUTOS = YES_AGGRESSIVE;
				GCC_WARN_UNUSED_FUNCTION = YES;
				GCC_WARN_UNUSED_VARIABLE = YES;
				IPHONEOS_DEPLOYMENT_TARGET = 16.4;
				MTL_ENABLE_DEBUG_INFO = INCLUDE_SOURCE;
				MTL_FAST_MATH = YES;
				ONLY_ACTIVE_ARCH = YES;
				SDKROOT = iphoneos;
				SWIFT_ACTIVE_COMPILATION_CONDITIONS = DEBUG;
				SWIFT_OPTIMIZATION_LEVEL = "-Onone";
			};
			name = Debug;
		};
		5794BBA72A1FE7AA00037CE6 /* Release */ = {
			isa = XCBuildConfiguration;
			buildSettings = {
				ALWAYS_SEARCH_USER_PATHS = NO;
				CLANG_ANALYZER_NONNULL = YES;
				CLANG_ANALYZER_NUMBER_OBJECT_CONVERSION = YES_AGGRESSIVE;
				CLANG_CXX_LANGUAGE_STANDARD = "gnu++20";
				CLANG_ENABLE_MODULES = YES;
				CLANG_ENABLE_OBJC_ARC = YES;
				CLANG_ENABLE_OBJC_WEAK = YES;
				CLANG_WARN_BLOCK_CAPTURE_AUTORELEASING = YES;
				CLANG_WARN_BOOL_CONVERSION = YES;
				CLANG_WARN_COMMA = YES;
				CLANG_WARN_CONSTANT_CONVERSION = YES;
				CLANG_WARN_DEPRECATED_OBJC_IMPLEMENTATIONS = YES;
				CLANG_WARN_DIRECT_OBJC_ISA_USAGE = YES_ERROR;
				CLANG_WARN_DOCUMENTATION_COMMENTS = YES;
				CLANG_WARN_EMPTY_BODY = YES;
				CLANG_WARN_ENUM_CONVERSION = YES;
				CLANG_WARN_INFINITE_RECURSION = YES;
				CLANG_WARN_INT_CONVERSION = YES;
				CLANG_WARN_NON_LITERAL_NULL_CONVERSION = YES;
				CLANG_WARN_OBJC_IMPLICIT_RETAIN_SELF = YES;
				CLANG_WARN_OBJC_LITERAL_CONVERSION = YES;
				CLANG_WARN_OBJC_ROOT_CLASS = YES_ERROR;
				CLANG_WARN_QUOTED_INCLUDE_IN_FRAMEWORK_HEADER = YES;
				CLANG_WARN_RANGE_LOOP_ANALYSIS = YES;
				CLANG_WARN_STRICT_PROTOTYPES = YES;
				CLANG_WARN_SUSPICIOUS_MOVE = YES;
				CLANG_WARN_UNGUARDED_AVAILABILITY = YES_AGGRESSIVE;
				CLANG_WARN_UNREACHABLE_CODE = YES;
				CLANG_WARN__DUPLICATE_METHOD_MATCH = YES;
				COPY_PHASE_STRIP = NO;
				DEBUG_INFORMATION_FORMAT = "dwarf-with-dsym";
				ENABLE_NS_ASSERTIONS = NO;
				ENABLE_STRICT_OBJC_MSGSEND = YES;
				GCC_C_LANGUAGE_STANDARD = gnu11;
				GCC_NO_COMMON_BLOCKS = YES;
				GCC_WARN_64_TO_32_BIT_CONVERSION = YES;
				GCC_WARN_ABOUT_RETURN_TYPE = YES_ERROR;
				GCC_WARN_UNDECLARED_SELECTOR = YES;
				GCC_WARN_UNINITIALIZED_AUTOS = YES_AGGRESSIVE;
				GCC_WARN_UNUSED_FUNCTION = YES;
				GCC_WARN_UNUSED_VARIABLE = YES;
				IPHONEOS_DEPLOYMENT_TARGET = 16.4;
				MTL_ENABLE_DEBUG_INFO = NO;
				MTL_FAST_MATH = YES;
				SDKROOT = iphoneos;
				SWIFT_COMPILATION_MODE = wholemodule;
				SWIFT_OPTIMIZATION_LEVEL = "-O";
				VALIDATE_PRODUCT = YES;
			};
			name = Release;
		};
		5794BBA92A1FE7AA00037CE6 /* Debug */ = {
			isa = XCBuildConfiguration;
			buildSettings = {
				ASSETCATALOG_COMPILER_APPICON_NAME = AppIcon;
				ASSETCATALOG_COMPILER_GLOBAL_ACCENT_COLOR_NAME = AccentColor;
				CODE_SIGN_STYLE = Automatic;
				CURRENT_PROJECT_VERSION = 1;
				DEVELOPMENT_ASSET_PATHS = "\"MySudoku/Preview Content\"";
				DEVELOPMENT_TEAM = LJ29NP93NZ;
				ENABLE_PREVIEWS = YES;
				GENERATE_INFOPLIST_FILE = YES;
				INFOPLIST_KEY_UIApplicationSceneManifest_Generation = YES;
				INFOPLIST_KEY_UIApplicationSupportsIndirectInputEvents = YES;
				INFOPLIST_KEY_UILaunchScreen_Generation = YES;
				INFOPLIST_KEY_UISupportedInterfaceOrientations_iPad = "UIInterfaceOrientationPortrait UIInterfaceOrientationPortraitUpsideDown UIInterfaceOrientationLandscapeLeft UIInterfaceOrientationLandscapeRight";
				INFOPLIST_KEY_UISupportedInterfaceOrientations_iPhone = "UIInterfaceOrientationPortrait UIInterfaceOrientationLandscapeLeft UIInterfaceOrientationLandscapeRight";
				LD_RUNPATH_SEARCH_PATHS = (
					"$(inherited)",
					"@executable_path/Frameworks",
				);
				MARKETING_VERSION = 1.0;
				PRODUCT_BUNDLE_IDENTIFIER = com.thiggs.MySudoku;
				PRODUCT_NAME = "$(TARGET_NAME)";
				SWIFT_EMIT_LOC_STRINGS = YES;
				SWIFT_VERSION = 5.0;
				TARGETED_DEVICE_FAMILY = "1,2";
			};
			name = Debug;
		};
		5794BBAA2A1FE7AA00037CE6 /* Release */ = {
			isa = XCBuildConfiguration;
			buildSettings = {
				ASSETCATALOG_COMPILER_APPICON_NAME = AppIcon;
				ASSETCATALOG_COMPILER_GLOBAL_ACCENT_COLOR_NAME = AccentColor;
				CODE_SIGN_STYLE = Automatic;
				CURRENT_PROJECT_VERSION = 1;
				DEVELOPMENT_ASSET_PATHS = "\"MySudoku/Preview Content\"";
				DEVELOPMENT_TEAM = LJ29NP93NZ;
				ENABLE_PREVIEWS = YES;
				GENERATE_INFOPLIST_FILE = YES;
				INFOPLIST_KEY_UIApplicationSceneManifest_Generation = YES;
				INFOPLIST_KEY_UIApplicationSupportsIndirectInputEvents = YES;
				INFOPLIST_KEY_UILaunchScreen_Generation = YES;
				INFOPLIST_KEY_UISupportedInterfaceOrientations_iPad = "UIInterfaceOrientationPortrait UIInterfaceOrientationPortraitUpsideDown UIInterfaceOrientationLandscapeLeft UIInterfaceOrientationLandscapeRight";
				INFOPLIST_KEY_UISupportedInterfaceOrientations_iPhone = "UIInterfaceOrientationPortrait UIInterfaceOrientationLandscapeLeft UIInterfaceOrientationLandscapeRight";
				LD_RUNPATH_SEARCH_PATHS = (
					"$(inherited)",
					"@executable_path/Frameworks",
				);
				MARKETING_VERSION = 1.0;
				PRODUCT_BUNDLE_IDENTIFIER = com.thiggs.MySudoku;
				PRODUCT_NAME = "$(TARGET_NAME)";
				SWIFT_EMIT_LOC_STRINGS = YES;
				SWIFT_VERSION = 5.0;
				TARGETED_DEVICE_FAMILY = "1,2";
			};
			name = Release;
		};
		5794BBC12A2684AC00037CE6 /* Debug */ = {
			isa = XCBuildConfiguration;
			buildSettings = {
				BUNDLE_LOADER = "$(TEST_HOST)";
				CODE_SIGN_STYLE = Automatic;
				CURRENT_PROJECT_VERSION = 1;
				DEVELOPMENT_TEAM = LJ29NP93NZ;
				GENERATE_INFOPLIST_FILE = YES;
				MARKETING_VERSION = 1.0;
				PRODUCT_BUNDLE_IDENTIFIER = com.thiggs.MySudokuTests;
				PRODUCT_NAME = "$(TARGET_NAME)";
				SWIFT_EMIT_LOC_STRINGS = NO;
				SWIFT_VERSION = 5.0;
				TARGETED_DEVICE_FAMILY = "1,2";
				TEST_HOST = "$(BUILT_PRODUCTS_DIR)/MySudoku.app/$(BUNDLE_EXECUTABLE_FOLDER_PATH)/MySudoku";
			};
			name = Debug;
		};
		5794BBC22A2684AC00037CE6 /* Release */ = {
			isa = XCBuildConfiguration;
			buildSettings = {
				BUNDLE_LOADER = "$(TEST_HOST)";
				CODE_SIGN_STYLE = Automatic;
				CURRENT_PROJECT_VERSION = 1;
				DEVELOPMENT_TEAM = LJ29NP93NZ;
				GENERATE_INFOPLIST_FILE = YES;
				MARKETING_VERSION = 1.0;
				PRODUCT_BUNDLE_IDENTIFIER = com.thiggs.MySudokuTests;
				PRODUCT_NAME = "$(TARGET_NAME)";
				SWIFT_EMIT_LOC_STRINGS = NO;
				SWIFT_VERSION = 5.0;
				TARGETED_DEVICE_FAMILY = "1,2";
				TEST_HOST = "$(BUILT_PRODUCTS_DIR)/MySudoku.app/$(BUNDLE_EXECUTABLE_FOLDER_PATH)/MySudoku";
			};
			name = Release;
		};
/* End XCBuildConfiguration section */

/* Begin XCConfigurationList section */
		5794BB952A1FE7A900037CE6 /* Build configuration list for PBXProject "MySudoku" */ = {
			isa = XCConfigurationList;
			buildConfigurations = (
				5794BBA62A1FE7AA00037CE6 /* Debug */,
				5794BBA72A1FE7AA00037CE6 /* Release */,
			);
			defaultConfigurationIsVisible = 0;
			defaultConfigurationName = Release;
		};
		5794BBA82A1FE7AA00037CE6 /* Build configuration list for PBXNativeTarget "MySudoku" */ = {
			isa = XCConfigurationList;
			buildConfigurations = (
				5794BBA92A1FE7AA00037CE6 /* Debug */,
				5794BBAA2A1FE7AA00037CE6 /* Release */,
			);
			defaultConfigurationIsVisible = 0;
			defaultConfigurationName = Release;
		};
		5794BBC02A2684AC00037CE6 /* Build configuration list for PBXNativeTarget "MySudokuTests" */ = {
			isa = XCConfigurationList;
			buildConfigurations = (
				5794BBC12A2684AC00037CE6 /* Debug */,
				5794BBC22A2684AC00037CE6 /* Release */,
			);
			defaultConfigurationIsVisible = 0;
			defaultConfigurationName = Release;
		};
/* End XCConfigurationList section */
	};
	rootObject = 5794BB922A1FE7A900037CE6 /* Project object */;
}
